
Microsoft Visual Studio Solution File, Format Version 12.00
# Visual Studio Version 16
VisualStudioVersion = 16.0.32929.386
MinimumVisualStudioVersion = 10.0.40219.1
Project("{888888A0-9F3D-457C-B088-3A5042F75D52}") = "ProjectPhase3", "ProjectPhase3.pyproj", "{AA90BAAF-7BFF-43DC-8688-F0BD6F52905C}"
EndProject
Global
	GlobalSection(SolutionConfigurationPlatforms) = preSolution
		Debug|Any CPU = Debug|Any CPU
		Release|Any CPU = Release|Any CPU
	EndGlobalSection
	GlobalSection(ProjectConfigurationPlatforms) = postSolution
		{AA90BAAF-7BFF-43DC-8688-F0BD6F52905C}.Debug|Any CPU.ActiveCfg = Debug|Any CPU
		{AA90BAAF-7BFF-43DC-8688-F0BD6F52905C}.Release|Any CPU.ActiveCfg = Release|Any CPU
	EndGlobalSection
	GlobalSection(SolutionProperties) = preSolution
		HideSolutionNode = FALSE
	EndGlobalSection
	GlobalSection(ExtensibilityGlobals) = postSolution
		SolutionGuid = {EADDF4A9-0952-4E35-AAE8-94B7CB05214C}
	EndGlobalSection
EndGlobal
